
Microsoft Visual Studio Solution File, Format Version 12.00
# Visual Studio 14
VisualStudioVersion = 14.0.25420.1
MinimumVisualStudioVersion = 10.0.40219.1
Project("{2150E333-8FDC-42A3-9474-1A3956D46DE8}") = "src", "src", "{AD2E2ECC-3D3E-40BD-B059-6A2C1BBB79B0}"
EndProject
Project("{2150E333-8FDC-42A3-9474-1A3956D46DE8}") = "Solution Items", "Solution Items", "{C9CAFDEC-E40F-4DFC-A067-92D74AABB211}"
	ProjectSection(SolutionItems) = preProject
		global.json = global.json
	EndProjectSection
EndProject
Project("{8BB2217D-0F2D-49D1-97BC-3654ED321F3B}") = "TermProject", "src\TermProject\TermProject.xproj", "{ED8E1AFF-C945-4E25-A833-14F40431D49B}"
EndProject
Global
	GlobalSection(SolutionConfigurationPlatforms) = preSolution
		Debug|Any CPU = Debug|Any CPU
		Release|Any CPU = Release|Any CPU
	EndGlobalSection
	GlobalSection(ProjectConfigurationPlatforms) = postSolution
		{ED8E1AFF-C945-4E25-A833-14F40431D49B}.Debug|Any CPU.ActiveCfg = Debug|Any CPU
		{ED8E1AFF-C945-4E25-A833-14F40431D49B}.Debug|Any CPU.Build.0 = Debug|Any CPU
		{ED8E1AFF-C945-4E25-A833-14F40431D49B}.Release|Any CPU.ActiveCfg = Release|Any CPU
		{ED8E1AFF-C945-4E25-A833-14F40431D49B}.Release|Any CPU.Build.0 = Release|Any CPU
	EndGlobalSection
	GlobalSection(SolutionProperties) = preSolution
		HideSolutionNode = FALSE
	EndGlobalSection
	GlobalSection(NestedProjects) = preSolution
		{ED8E1AFF-C945-4E25-A833-14F40431D49B} = {AD2E2ECC-3D3E-40BD-B059-6A2C1BBB79B0}
	EndGlobalSection
EndGlobal
